
Microsoft Visual Studio Solution File, Format Version 11.00
# Visual Studio 2010
Project("{FAE04EC0-301F-11D3-BF4B-00C04F79EFBC}") = "CacheTestApp", "CacheTestApp\CacheTestApp.csproj", "{6B7F8A6C-8072-4675-B9E9-9BF1D3022B00}"
EndProject
Project("{FAE04EC0-301F-11D3-BF4B-00C04F79EFBC}") = "CacheTestApp.Test", "CacheTestApp.Test\CacheTestApp.Test.csproj", "{1CA5F6A7-9869-42F1-B3EB-279AA5079EA1}"
EndProject
Global
	GlobalSection(SolutionConfigurationPlatforms) = preSolution
		Debug|Any CPU = Debug|Any CPU
		Debug|Mixed Platforms = Debug|Mixed Platforms
		Debug|x86 = Debug|x86
		Release|Any CPU = Release|Any CPU
		Release|Mixed Platforms = Release|Mixed Platforms
		Release|x86 = Release|x86
	EndGlobalSection
	GlobalSection(ProjectConfigurationPlatforms) = postSolution
		{6B7F8A6C-8072-4675-B9E9-9BF1D3022B00}.Debug|Any CPU.ActiveCfg = Debug|x86
		{6B7F8A6C-8072-4675-B9E9-9BF1D3022B00}.Debug|Mixed Platforms.ActiveCfg = Debug|x86
		{6B7F8A6C-8072-4675-B9E9-9BF1D3022B00}.Debug|Mixed Platforms.Build.0 = Debug|x86
		{6B7F8A6C-8072-4675-B9E9-9BF1D3022B00}.Debug|x86.ActiveCfg = Debug|x86
		{6B7F8A6C-8072-4675-B9E9-9BF1D3022B00}.Debug|x86.Build.0 = Debug|x86
		{6B7F8A6C-8072-4675-B9E9-9BF1D3022B00}.Release|Any CPU.ActiveCfg = Release|x86
		{6B7F8A6C-8072-4675-B9E9-9BF1D3022B00}.Release|Mixed Platforms.ActiveCfg = Release|x86
		{6B7F8A6C-8072-4675-B9E9-9BF1D3022B00}.Release|Mixed Platforms.Build.0 = Release|x86
		{6B7F8A6C-8072-4675-B9E9-9BF1D3022B00}.Release|x86.ActiveCfg = Release|x86
		{6B7F8A6C-8072-4675-B9E9-9BF1D3022B00}.Release|x86.Build.0 = Release|x86
		{1CA5F6A7-9869-42F1-B3EB-279AA5079EA1}.Debug|Any CPU.ActiveCfg = Debug|Any CPU
		{1CA5F6A7-9869-42F1-B3EB-279AA5079EA1}.Debug|Any CPU.Build.0 = Debug|Any CPU
		{1CA5F6A7-9869-42F1-B3EB-279AA5079EA1}.Debug|Mixed Platforms.ActiveCfg = Debug|Any CPU
		{1CA5F6A7-9869-42F1-B3EB-279AA5079EA1}.Debug|Mixed Platforms.Build.0 = Debug|Any CPU
		{1CA5F6A7-9869-42F1-B3EB-279AA5079EA1}.Debug|x86.ActiveCfg = Debug|Any CPU
		{1CA5F6A7-9869-42F1-B3EB-279AA5079EA1}.Release|Any CPU.ActiveCfg = Release|Any CPU
		{1CA5F6A7-9869-42F1-B3EB-279AA5079EA1}.Release|Any CPU.Build.0 = Release|Any CPU
		{1CA5F6A7-9869-42F1-B3EB-279AA5079EA1}.Release|Mixed Platforms.ActiveCfg = Release|Any CPU
		{1CA5F6A7-9869-42F1-B3EB-279AA5079EA1}.Release|Mixed Platforms.Build.0 = Release|Any CPU
		{1CA5F6A7-9869-42F1-B3EB-279AA5079EA1}.Release|x86.ActiveCfg = Release|Any CPU
	EndGlobalSection
	GlobalSection(SolutionProperties) = preSolution
		HideSolutionNode = FALSE
	EndGlobalSection
EndGlobal
